<?xml version="1.0" encoding="utf-8"?>
<Project ToolsVersion="4.0" xmlns="http://schemas.microsoft.com/developer/msbuild/2003">
  <ItemGroup>
    <Filter Include="src">
      <UniqueIdentifier>{b0f22492-b351-4fe8-adc2-49438e306f50}</UniqueIdentifier>
    </Filter>
    <Filter Include="include">
      <UniqueIdentifier>{94f50b71-c968-4f28-a4b4-ed4bdc751d05}</UniqueIdentifier>
    </Filter>
    <Filter Include="resources">
      <UniqueIdentifier>{f3538cfb-2f11-4eb6-b6d2-9575bb9d581e}</UniqueIdentifier>
    </Filter>
  </ItemGroup>
  <ItemGroup>
    <ClCompile Include="src\YafMisc.cpp">
      <Filter>src</Filter>
    </ClCompile>
    <ClCompile Include="src\YafNode.cpp">
      <Filter>src</Filter>
    </ClCompile>
    <ClCompile Include="src\Main.cpp">
      <Filter>src</Filter>
    </ClCompile>
    <ClCompile Include="src\TinyXMLYafHelpers.cpp">
      <Filter>src</Filter>
    </ClCompile>
    <ClCompile Include="src\YafScene.cpp">
      <Filter>src</Filter>
    </ClCompile>
  </ItemGroup>
  <ItemGroup>
    <ClInclude Include="src\YafLight.h">
      <Filter>include</Filter>
    </ClInclude>
    <ClInclude Include="src\TinyXMLYafHelpers.h">
      <Filter>include</Filter>
    </ClInclude>
    <ClInclude Include="src\Utilities.h">
      <Filter>include</Filter>
    </ClInclude>
    <ClInclude Include="src\YafAppearance.h">
      <Filter>include</Filter>
    </ClInclude>
    <ClInclude Include="src\YafCamera.h">
      <Filter>include</Filter>
    </ClInclude>
    <ClInclude Include="src\YafEnums.h">
      <Filter>include</Filter>
    </ClInclude>
    <ClInclude Include="src\YafMisc.h">
      <Filter>include</Filter>
    </ClInclude>
    <ClInclude Include="src\YafNode.h">
      <Filter>include</Filter>
    </ClInclude>
    <ClInclude Include="src\YafScene.h">
      <Filter>include</Filter>
    </ClInclude>
    <ClInclude Include="src\YafTransform.h">
      <Filter>include</Filter>
    </ClInclude>
    <ClInclude Include="src\NewellsMethod.h">
      <Filter>include</Filter>
    </ClInclude>
    <ClInclude Include="src\YafInterface.h">
      <Filter>include</Filter>
    </ClInclude>
  </ItemGroup>
  <ItemGroup>
    <Image Include="resources\earth.jpg">
      <Filter>resources</Filter>
    </Image>
    <Image Include="resources\jupiter.jpg">
      <Filter>resources</Filter>
    </Image>
    <Image Include="resources\mars.jpg">
      <Filter>resources</Filter>
    </Image>
    <Image Include="resources\mecury.jpg">
      <Filter>resources</Filter>
    </Image>
    <Image Include="resources\moon.jpg">
      <Filter>resources</Filter>
    </Image>
    <Image Include="resources\neptune.jpg">
      <Filter>resources</Filter>
    </Image>
    <Image Include="resources\saturn.jpg">
      <Filter>resources</Filter>
    </Image>
    <Image Include="resources\saturn_ring.jpg">
      <Filter>resources</Filter>
    </Image>
    <Image Include="resources\sun.jpg">
      <Filter>resources</Filter>
    </Image>
    <Image Include="resources\uranus.jpg">
      <Filter>resources</Filter>
    </Image>
    <Image Include="resources\uranus_ring.jpg">
      <Filter>resources</Filter>
    </Image>
    <Image Include="resources\venus.jpg">
      <Filter>resources</Filter>
    </Image>
  </ItemGroup>
  <ItemGroup>
    <Xml Include="resources\T01G04_solarsystem.xml">
      <Filter>resources</Filter>
    </Xml>
  </ItemGroup>
</Project>